
Microsoft Visual Studio Solution File, Format Version 12.00
# Visual Studio Version 17
VisualStudioVersion = 17.7.34202.233
MinimumVisualStudioVersion = 10.0.40219.1
Project("{FAE04EC0-301F-11D3-BF4B-00C04F79EFBC}") = "Diş_Kliniği_Otomasyonu", "Diş_Kliniği_Otomasyonu\Diş_Kliniği_Otomasyonu.csproj", "{D2748179-2359-4292-BA00-2BEC4852CB19}"
EndProject
Global
	GlobalSection(SolutionConfigurationPlatforms) = preSolution
		Debug|Any CPU = Debug|Any CPU
		Release|Any CPU = Release|Any CPU
	EndGlobalSection
	GlobalSection(ProjectConfigurationPlatforms) = postSolution
		{D2748179-2359-4292-BA00-2BEC4852CB19}.Debug|Any CPU.ActiveCfg = Debug|Any CPU
		{D2748179-2359-4292-BA00-2BEC4852CB19}.Debug|Any CPU.Build.0 = Debug|Any CPU
		{D2748179-2359-4292-BA00-2BEC4852CB19}.Release|Any CPU.ActiveCfg = Release|Any CPU
		{D2748179-2359-4292-BA00-2BEC4852CB19}.Release|Any CPU.Build.0 = Release|Any CPU
	EndGlobalSection
	GlobalSection(SolutionProperties) = preSolution
		HideSolutionNode = FALSE
	EndGlobalSection
	GlobalSection(ExtensibilityGlobals) = postSolution
		SolutionGuid = {1D774091-3887-48E4-BE63-8B2C5CB1DF81}
	EndGlobalSection
EndGlobal
